// !$*UTF8*$!
{
	archiveVersion = 1;
	classes = {
	};
	objectVersion = 56;
	objects = {

/* Begin PBXBuildFile section */
		66C750A12A2FD53300EB020E /* AppDelegate.swift in Sources */ = {isa = PBXBuildFile; fileRef = 66C750A02A2FD53300EB020E /* AppDelegate.swift */; };
		66C750A52A2FD53300EB020E /* MainViewController.swift in Sources */ = {isa = PBXBuildFile; fileRef = 66C750A42A2FD53300EB020E /* MainViewController.swift */; };
		66C750AA2A2FD53400EB020E /* Assets.xcassets in Resources */ = {isa = PBXBuildFile; fileRef = 66C750A92A2FD53400EB020E /* Assets.xcassets */; };
		66C750AD2A2FD53400EB020E /* LaunchScreen.storyboard in Resources */ = {isa = PBXBuildFile; fileRef = 66C750AB2A2FD53400EB020E /* LaunchScreen.storyboard */; };
		66C750BA2A2FD62900EB020E /* MainViewModel.swift in Sources */ = {isa = PBXBuildFile; fileRef = 66C750B92A2FD62900EB020E /* MainViewModel.swift */; };
		66C750BE2A2FD67900EB020E /* Bindable.swift in Sources */ = {isa = PBXBuildFile; fileRef = 66C750BD2A2FD67900EB020E /* Bindable.swift */; };
		66C750C12A2FD69800EB020E /* Helpers.swift in Sources */ = {isa = PBXBuildFile; fileRef = 66C750C02A2FD69800EB020E /* Helpers.swift */; };
/* End PBXBuildFile section */

/* Begin PBXFileReference section */
		66C7509D2A2FD53300EB020E /* ImagesAlbum.app */ = {isa = PBXFileReference; explicitFileType = wrapper.application; includeInIndex = 0; path = ImagesAlbum.app; sourceTree = BUILT_PRODUCTS_DIR; };
		66C750A02A2FD53300EB020E /* AppDelegate.swift */ = {isa = PBXFileReference; lastKnownFileType = sourcecode.swift; path = AppDelegate.swift; sourceTree = "<group>"; };
		66C750A42A2FD53300EB020E /* MainViewController.swift */ = {isa = PBXFileReference; lastKnownFileType = sourcecode.swift; path = MainViewController.swift; sourceTree = "<group>"; };
		66C750A92A2FD53400EB020E /* Assets.xcassets */ = {isa = PBXFileReference; lastKnownFileType = folder.assetcatalog; path = Assets.xcassets; sourceTree = "<group>"; };
		66C750AC2A2FD53400EB020E /* Base */ = {isa = PBXFileReference; lastKnownFileType = file.storyboard; name = Base; path = Base.lproj/LaunchScreen.storyboard; sourceTree = "<group>"; };
		66C750AE2A2FD53400EB020E /* Info.plist */ = {isa = PBXFileReference; lastKnownFileType = text.plist.xml; path = Info.plist; sourceTree = "<group>"; };
		66C750B92A2FD62900EB020E /* MainViewModel.swift */ = {isa = PBXFileReference; lastKnownFileType = sourcecode.swift; path = MainViewModel.swift; sourceTree = "<group>"; };
		66C750BD2A2FD67900EB020E /* Bindable.swift */ = {isa = PBXFileReference; lastKnownFileType = sourcecode.swift; path = Bindable.swift; sourceTree = "<group>"; };
		66C750C02A2FD69800EB020E /* Helpers.swift */ = {isa = PBXFileReference; lastKnownFileType = sourcecode.swift; path = Helpers.swift; sourceTree = "<group>"; };
/* End PBXFileReference section */

/* Begin PBXFrameworksBuildPhase section */
		66C7509A2A2FD53300EB020E /* Frameworks */ = {
			isa = PBXFrameworksBuildPhase;
			buildActionMask = 2147483647;
			files = (
			);
			runOnlyForDeploymentPostprocessing = 0;
		};
/* End PBXFrameworksBuildPhase section */

/* Begin PBXGroup section */
		66C750942A2FD53300EB020E = {
			isa = PBXGroup;
			children = (
				66C7509F2A2FD53300EB020E /* ImagesAlbum */,
				66C7509E2A2FD53300EB020E /* Products */,
			);
			sourceTree = "<group>";
		};
		66C7509E2A2FD53300EB020E /* Products */ = {
			isa = PBXGroup;
			children = (
				66C7509D2A2FD53300EB020E /* ImagesAlbum.app */,
			);
			name = Products;
			sourceTree = "<group>";
		};
		66C7509F2A2FD53300EB020E /* ImagesAlbum */ = {
			isa = PBXGroup;
			children = (
				66C750BB2A2FD66B00EB020E /* Utilities */,
				66C750B42A2FD60200EB020E /* Controllers */,
				66C750A02A2FD53300EB020E /* AppDelegate.swift */,
				66C750A92A2FD53400EB020E /* Assets.xcassets */,
				66C750AB2A2FD53400EB020E /* LaunchScreen.storyboard */,
				66C750AE2A2FD53400EB020E /* Info.plist */,
			);
			path = ImagesAlbum;
			sourceTree = "<group>";
		};
		66C750B42A2FD60200EB020E /* Controllers */ = {
			isa = PBXGroup;
			children = (
				66C750B52A2FD60700EB020E /* MainViewController */,
			);
			path = Controllers;
			sourceTree = "<group>";
		};
		66C750B52A2FD60700EB020E /* MainViewController */ = {
			isa = PBXGroup;
			children = (
				66C750B82A2FD61700EB020E /* View */,
				66C750B72A2FD61200EB020E /* ViewModel */,
				66C750B62A2FD60C00EB020E /* Constants */,
			);
			path = MainViewController;
			sourceTree = "<group>";
		};
		66C750B62A2FD60C00EB020E /* Constants */ = {
			isa = PBXGroup;
			children = (
			);
			path = Constants;
			sourceTree = "<group>";
		};
		66C750B72A2FD61200EB020E /* ViewModel */ = {
			isa = PBXGroup;
			children = (
				66C750B92A2FD62900EB020E /* MainViewModel.swift */,
			);
			path = ViewModel;
			sourceTree = "<group>";
		};
		66C750B82A2FD61700EB020E /* View */ = {
			isa = PBXGroup;
			children = (
				66C750A42A2FD53300EB020E /* MainViewController.swift */,
			);
			path = View;
			sourceTree = "<group>";
		};
		66C750BB2A2FD66B00EB020E /* Utilities */ = {
			isa = PBXGroup;
			children = (
				66C750C22A2FD6EC00EB020E /* Managers */,
				66C750BF2A2FD69100EB020E /* Helpers */,
				66C750BC2A2FD67100EB020E /* Bindable */,
			);
			path = Utilities;
			sourceTree = "<group>";
		};
		66C750BC2A2FD67100EB020E /* Bindable */ = {
			isa = PBXGroup;
			children = (
				66C750BD2A2FD67900EB020E /* Bindable.swift */,
			);
			path = Bindable;
			sourceTree = "<group>";
		};
		66C750BF2A2FD69100EB020E /* Helpers */ = {
			isa = PBXGroup;
			children = (
				66C750C02A2FD69800EB020E /* Helpers.swift */,
			);
			path = Helpers;
			sourceTree = "<group>";
		};
		66C750C22A2FD6EC00EB020E /* Managers */ = {
			isa = PBXGroup;
			children = (
			);
			path = Managers;
			sourceTree = "<group>";
		};
/* End PBXGroup section */

/* Begin PBXNativeTarget section */
		66C7509C2A2FD53300EB020E /* ImagesAlbum */ = {
			isa = PBXNativeTarget;
			buildConfigurationList = 66C750B12A2FD53400EB020E /* Build configuration list for PBXNativeTarget "ImagesAlbum" */;
			buildPhases = (
				66C750992A2FD53300EB020E /* Sources */,
				66C7509A2A2FD53300EB020E /* Frameworks */,
				66C7509B2A2FD53300EB020E /* Resources */,
			);
			buildRules = (
			);
			dependencies = (
			);
			name = ImagesAlbum;
			productName = ImagesAlbum;
			productReference = 66C7509D2A2FD53300EB020E /* ImagesAlbum.app */;
			productType = "com.apple.product-type.application";
		};
/* End PBXNativeTarget section */

/* Begin PBXProject section */
		66C750952A2FD53300EB020E /* Project object */ = {
			isa = PBXProject;
			attributes = {
				BuildIndependentTargetsInParallel = 1;
				LastSwiftUpdateCheck = 1430;
				LastUpgradeCheck = 1430;
				TargetAttributes = {
					66C7509C2A2FD53300EB020E = {
						CreatedOnToolsVersion = 14.3;
					};
				};
			};
			buildConfigurationList = 66C750982A2FD53300EB020E /* Build configuration list for PBXProject "ImagesAlbum" */;
			compatibilityVersion = "Xcode 14.0";
			developmentRegion = en;
			hasScannedForEncodings = 0;
			knownRegions = (
				en,
				Base,
			);
			mainGroup = 66C750942A2FD53300EB020E;
			productRefGroup = 66C7509E2A2FD53300EB020E /* Products */;
			projectDirPath = "";
			projectRoot = "";
			targets = (
				66C7509C2A2FD53300EB020E /* ImagesAlbum */,
			);
		};
/* End PBXProject section */

/* Begin PBXResourcesBuildPhase section */
		66C7509B2A2FD53300EB020E /* Resources */ = {
			isa = PBXResourcesBuildPhase;
			buildActionMask = 2147483647;
			files = (
				66C750AD2A2FD53400EB020E /* LaunchScreen.storyboard in Resources */,
				66C750AA2A2FD53400EB020E /* Assets.xcassets in Resources */,
			);
			runOnlyForDeploymentPostprocessing = 0;
		};
/* End PBXResourcesBuildPhase section */

/* Begin PBXSourcesBuildPhase section */
		66C750992A2FD53300EB020E /* Sources */ = {
			isa = PBXSourcesBuildPhase;
			buildActionMask = 2147483647;
			files = (
				66C750A52A2FD53300EB020E /* MainViewController.swift in Sources */,
				66C750A12A2FD53300EB020E /* AppDelegate.swift in Sources */,
				66C750BE2A2FD67900EB020E /* Bindable.swift in Sources */,
				66C750C12A2FD69800EB020E /* Helpers.swift in Sources */,
				66C750BA2A2FD62900EB020E /* MainViewModel.swift in Sources */,
			);
			runOnlyForDeploymentPostprocessing = 0;
		};
/* End PBXSourcesBuildPhase section */

/* Begin PBXVariantGroup section */
		66C750AB2A2FD53400EB020E /* LaunchScreen.storyboard */ = {
			isa = PBXVariantGroup;
			children = (
				66C750AC2A2FD53400EB020E /* Base */,
			);
			name = LaunchScreen.storyboard;
			sourceTree = "<group>";
		};
/* End PBXVariantGroup section */

/* Begin XCBuildConfiguration section */
		66C750AF2A2FD53400EB020E /* Debug */ = {
			isa = XCBuildConfiguration;
			buildSettings = {
				ALWAYS_SEARCH_USER_PATHS = NO;
				CLANG_ANALYZER_NONNULL = YES;
				CLANG_ANALYZER_NUMBER_OBJECT_CONVERSION = YES_AGGRESSIVE;
				CLANG_CXX_LANGUAGE_STANDARD = "gnu++20";
				CLANG_ENABLE_MODULES = YES;
				CLANG_ENABLE_OBJC_ARC = YES;
				CLANG_ENABLE_OBJC_WEAK = YES;
				CLANG_WARN_BLOCK_CAPTURE_AUTORELEASING = YES;
				CLANG_WARN_BOOL_CONVERSION = YES;
				CLANG_WARN_COMMA = YES;
				CLANG_WARN_CONSTANT_CONVERSION = YES;
				CLANG_WARN_DEPRECATED_OBJC_IMPLEMENTATIONS = YES;
				CLANG_WARN_DIRECT_OBJC_ISA_USAGE = YES_ERROR;
				CLANG_WARN_DOCUMENTATION_COMMENTS = YES;
				CLANG_WARN_EMPTY_BODY = YES;
				CLANG_WARN_ENUM_CONVERSION = YES;
				CLANG_WARN_INFINITE_RECURSION = YES;
				CLANG_WARN_INT_CONVERSION = YES;
				CLANG_WARN_NON_LITERAL_NULL_CONVERSION = YES;
				CLANG_WARN_OBJC_IMPLICIT_RETAIN_SELF = YES;
				CLANG_WARN_OBJC_LITERAL_CONVERSION = YES;
				CLANG_WARN_OBJC_ROOT_CLASS = YES_ERROR;
				CLANG_WARN_QUOTED_INCLUDE_IN_FRAMEWORK_HEADER = YES;
				CLANG_WARN_RANGE_LOOP_ANALYSIS = YES;
				CLANG_WARN_STRICT_PROTOTYPES = YES;
				CLANG_WARN_SUSPICIOUS_MOVE = YES;
				CLANG_WARN_UNGUARDED_AVAILABILITY = YES_AGGRESSIVE;
				CLANG_WARN_UNREACHABLE_CODE = YES;
				CLANG_WARN__DUPLICATE_METHOD_MATCH = YES;
				COPY_PHASE_STRIP = NO;
				DEBUG_INFORMATION_FORMAT = dwarf;
				ENABLE_STRICT_OBJC_MSGSEND = YES;
				ENABLE_TESTABILITY = YES;
				GCC_C_LANGUAGE_STANDARD = gnu11;
				GCC_DYNAMIC_NO_PIC = NO;
				GCC_NO_COMMON_BLOCKS = YES;
				GCC_OPTIMIZATION_LEVEL = 0;
				GCC_PREPROCESSOR_DEFINITIONS = (
					"DEBUG=1",
					"$(inherited)",
				);
				GCC_WARN_64_TO_32_BIT_CONVERSION = YES;
				GCC_WARN_ABOUT_RETURN_TYPE = YES_ERROR;
				GCC_WARN_UNDECLARED_SELECTOR = YES;
				GCC_WARN_UNINITIALIZED_AUTOS = YES_AGGRESSIVE;
				GCC_WARN_UNUSED_FUNCTION = YES;
				GCC_WARN_UNUSED_VARIABLE = YES;
				IPHONEOS_DEPLOYMENT_TARGET = 16.4;
				MTL_ENABLE_DEBUG_INFO = INCLUDE_SOURCE;
				MTL_FAST_MATH = YES;
				ONLY_ACTIVE_ARCH = YES;
				SDKROOT = iphoneos;
				SWIFT_ACTIVE_COMPILATION_CONDITIONS = DEBUG;
				SWIFT_OPTIMIZATION_LEVEL = "-Onone";
			};
			name = Debug;
		};
		66C750B02A2FD53400EB020E /* Release */ = {
			isa = XCBuildConfiguration;
			buildSettings = {
				ALWAYS_SEARCH_USER_PATHS = NO;
				CLANG_ANALYZER_NONNULL = YES;
				CLANG_ANALYZER_NUMBER_OBJECT_CONVERSION = YES_AGGRESSIVE;
				CLANG_CXX_LANGUAGE_STANDARD = "gnu++20";
				CLANG_ENABLE_MODULES = YES;
				CLANG_ENABLE_OBJC_ARC = YES;
				CLANG_ENABLE_OBJC_WEAK = YES;
				CLANG_WARN_BLOCK_CAPTURE_AUTORELEASING = YES;
				CLANG_WARN_BOOL_CONVERSION = YES;
				CLANG_WARN_COMMA = YES;
				CLANG_WARN_CONSTANT_CONVERSION = YES;
				CLANG_WARN_DEPRECATED_OBJC_IMPLEMENTATIONS = YES;
				CLANG_WARN_DIRECT_OBJC_ISA_USAGE = YES_ERROR;
				CLANG_WARN_DOCUMENTATION_COMMENTS = YES;
				CLANG_WARN_EMPTY_BODY = YES;
				CLANG_WARN_ENUM_CONVERSION = YES;
				CLANG_WARN_INFINITE_RECURSION = YES;
				CLANG_WARN_INT_CONVERSION = YES;
				CLANG_WARN_NON_LITERAL_NULL_CONVERSION = YES;
				CLANG_WARN_OBJC_IMPLICIT_RETAIN_SELF = YES;
				CLANG_WARN_OBJC_LITERAL_CONVERSION = YES;
				CLANG_WARN_OBJC_ROOT_CLASS = YES_ERROR;
				CLANG_WARN_QUOTED_INCLUDE_IN_FRAMEWORK_HEADER = YES;
				CLANG_WARN_RANGE_LOOP_ANALYSIS = YES;
				CLANG_WARN_STRICT_PROTOTYPES = YES;
				CLANG_WARN_SUSPICIOUS_MOVE = YES;
				CLANG_WARN_UNGUARDED_AVAILABILITY = YES_AGGRESSIVE;
				CLANG_WARN_UNREACHABLE_CODE = YES;
				CLANG_WARN__DUPLICATE_METHOD_MATCH = YES;
				COPY_PHASE_STRIP = NO;
				DEBUG_INFORMATION_FORMAT = "dwarf-with-dsym";
				ENABLE_NS_ASSERTIONS = NO;
				ENABLE_STRICT_OBJC_MSGSEND = YES;
				GCC_C_LANGUAGE_STANDARD = gnu11;
				GCC_NO_COMMON_BLOCKS = YES;
				GCC_WARN_64_TO_32_BIT_CONVERSION = YES;
				GCC_WARN_ABOUT_RETURN_TYPE = YES_ERROR;
				GCC_WARN_UNDECLARED_SELECTOR = YES;
				GCC_WARN_UNINITIALIZED_AUTOS = YES_AGGRESSIVE;
				GCC_WARN_UNUSED_FUNCTION = YES;
				GCC_WARN_UNUSED_VARIABLE = YES;
				IPHONEOS_DEPLOYMENT_TARGET = 16.4;
				MTL_ENABLE_DEBUG_INFO = NO;
				MTL_FAST_MATH = YES;
				SDKROOT = iphoneos;
				SWIFT_COMPILATION_MODE = wholemodule;
				SWIFT_OPTIMIZATION_LEVEL = "-O";
				VALIDATE_PRODUCT = YES;
			};
			name = Release;
		};
		66C750B22A2FD53400EB020E /* Debug */ = {
			isa = XCBuildConfiguration;
			buildSettings = {
				ASSETCATALOG_COMPILER_APPICON_NAME = AppIcon;
				ASSETCATALOG_COMPILER_GLOBAL_ACCENT_COLOR_NAME = AccentColor;
				CODE_SIGN_STYLE = Automatic;
				CURRENT_PROJECT_VERSION = 1;
				DEVELOPMENT_TEAM = Y4J7Y9NJJ8;
				GENERATE_INFOPLIST_FILE = YES;
				INFOPLIST_FILE = ImagesAlbum/Info.plist;
				INFOPLIST_KEY_UIApplicationSupportsIndirectInputEvents = YES;
				INFOPLIST_KEY_UILaunchStoryboardName = LaunchScreen;
				INFOPLIST_KEY_UIMainStoryboardFile = Main;
				INFOPLIST_KEY_UISupportedInterfaceOrientations_iPad = "UIInterfaceOrientationPortrait UIInterfaceOrientationPortraitUpsideDown UIInterfaceOrientationLandscapeLeft UIInterfaceOrientationLandscapeRight";
				INFOPLIST_KEY_UISupportedInterfaceOrientations_iPhone = "UIInterfaceOrientationPortrait UIInterfaceOrientationLandscapeLeft UIInterfaceOrientationLandscapeRight";
				IPHONEOS_DEPLOYMENT_TARGET = 14.0;
				LD_RUNPATH_SEARCH_PATHS = (
					"$(inherited)",
					"@executable_path/Frameworks",
				);
				MARKETING_VERSION = 1.0;
				PRODUCT_BUNDLE_IDENTIFIER = danilSabitov.ImagesAlbum;
				PRODUCT_NAME = "$(TARGET_NAME)";
				SWIFT_EMIT_LOC_STRINGS = YES;
				SWIFT_VERSION = 5.0;
				TARGETED_DEVICE_FAMILY = "1,2";
			};
			name = Debug;
		};
		66C750B32A2FD53400EB020E /* Release */ = {
			isa = XCBuildConfiguration;
			buildSettings = {
				ASSETCATALOG_COMPILER_APPICON_NAME = AppIcon;
				ASSETCATALOG_COMPILER_GLOBAL_ACCENT_COLOR_NAME = AccentColor;
				CODE_SIGN_STYLE = Automatic;
				CURRENT_PROJECT_VERSION = 1;
				DEVELOPMENT_TEAM = Y4J7Y9NJJ8;
				GENERATE_INFOPLIST_FILE = YES;
				INFOPLIST_FILE = ImagesAlbum/Info.plist;
				INFOPLIST_KEY_UIApplicationSupportsIndirectInputEvents = YES;
				INFOPLIST_KEY_UILaunchStoryboardName = LaunchScreen;
				INFOPLIST_KEY_UIMainStoryboardFile = Main;
				INFOPLIST_KEY_UISupportedInterfaceOrientations_iPad = "UIInterfaceOrientationPortrait UIInterfaceOrientationPortraitUpsideDown UIInterfaceOrientationLandscapeLeft UIInterfaceOrientationLandscapeRight";
				INFOPLIST_KEY_UISupportedInterfaceOrientations_iPhone = "UIInterfaceOrientationPortrait UIInterfaceOrientationLandscapeLeft UIInterfaceOrientationLandscapeRight";
				IPHONEOS_DEPLOYMENT_TARGET = 14.0;
				LD_RUNPATH_SEARCH_PATHS = (
					"$(inherited)",
					"@executable_path/Frameworks",
				);
				MARKETING_VERSION = 1.0;
				PRODUCT_BUNDLE_IDENTIFIER = danilSabitov.ImagesAlbum;
				PRODUCT_NAME = "$(TARGET_NAME)";
				SWIFT_EMIT_LOC_STRINGS = YES;
				SWIFT_VERSION = 5.0;
				TARGETED_DEVICE_FAMILY = "1,2";
			};
			name = Release;
		};
/* End XCBuildConfiguration section */

/* Begin XCConfigurationList section */
		66C750982A2FD53300EB020E /* Build configuration list for PBXProject "ImagesAlbum" */ = {
			isa = XCConfigurationList;
			buildConfigurations = (
				66C750AF2A2FD53400EB020E /* Debug */,
				66C750B02A2FD53400EB020E /* Release */,
			);
			defaultConfigurationIsVisible = 0;
			defaultConfigurationName = Release;
		};
		66C750B12A2FD53400EB020E /* Build configuration list for PBXNativeTarget "ImagesAlbum" */ = {
			isa = XCConfigurationList;
			buildConfigurations = (
				66C750B22A2FD53400EB020E /* Debug */,
				66C750B32A2FD53400EB020E /* Release */,
			);
			defaultConfigurationIsVisible = 0;
			defaultConfigurationName = Release;
		};
/* End XCConfigurationList section */
	};
	rootObject = 66C750952A2FD53300EB020E /* Project object */;
}
